{
  "name": "create-nowen-plugin",
  "version": "2.0.0",
  "lockfileVersion": 3,
  "requires": true,
  "packages": {
    "": {
      "name": "create-nowen-plugin",
      "version": "2.0.0",
      "bin": {
        "create-nowen-plugin": "bin/create-nowen-plugin.mjs"
      },
      "engines": {
        "node": ">=20"
      }
    }
  }
}
